
Microsoft Visual Studio Solution File, Format Version 12.00
# Visual Studio Version 17
VisualStudioVersion = 17.3.32922.545
MinimumVisualStudioVersion = 10.0.40219.1
Project("{FAE04EC0-301F-11D3-BF4B-00C04F79EFBC}") = "Oto Galeri Projesi", "Oto Galeri Projesi\Oto Galeri Projesi.csproj", "{5077567F-6AA1-4F27-81B7-46BE26CA0EA8}"
EndProject
Global
	GlobalSection(SolutionConfigurationPlatforms) = preSolution
		Debug|Any CPU = Debug|Any CPU
		Release|Any CPU = Release|Any CPU
	EndGlobalSection
	GlobalSection(ProjectConfigurationPlatforms) = postSolution
		{5077567F-6AA1-4F27-81B7-46BE26CA0EA8}.Debug|Any CPU.ActiveCfg = Debug|Any CPU
		{5077567F-6AA1-4F27-81B7-46BE26CA0EA8}.Debug|Any CPU.Build.0 = Debug|Any CPU
		{5077567F-6AA1-4F27-81B7-46BE26CA0EA8}.Release|Any CPU.ActiveCfg = Release|Any CPU
		{5077567F-6AA1-4F27-81B7-46BE26CA0EA8}.Release|Any CPU.Build.0 = Release|Any CPU
	EndGlobalSection
	GlobalSection(SolutionProperties) = preSolution
		HideSolutionNode = FALSE
	EndGlobalSection
	GlobalSection(ExtensibilityGlobals) = postSolution
		SolutionGuid = {3C127E83-04BC-4021-8EFC-E4B88BC79383}
	EndGlobalSection
EndGlobal
